
Microsoft Visual Studio Solution File, Format Version 12.00
# Visual Studio Version 16
VisualStudioVersion = 16.0.31624.102
MinimumVisualStudioVersion = 10.0.40219.1
Project("{8BC9CEB8-8B4A-11D0-8D11-00A0C91BC942}") = "BCIT_3v1", "BCIT_3v1.vcxproj", "{87426429-4839-4B79-86C8-6C150E83C887}"
EndProject
Global
	GlobalSection(SolutionConfigurationPlatforms) = preSolution
		Debug|x64 = Debug|x64
		Debug|x86 = Debug|x86
		Release|x64 = Release|x64
		Release|x86 = Release|x86
	EndGlobalSection
	GlobalSection(ProjectConfigurationPlatforms) = postSolution
		{87426429-4839-4B79-86C8-6C150E83C887}.Debug|x64.ActiveCfg = Debug|x64
		{87426429-4839-4B79-86C8-6C150E83C887}.Debug|x64.Build.0 = Debug|x64
		{87426429-4839-4B79-86C8-6C150E83C887}.Debug|x86.ActiveCfg = Debug|Win32
		{87426429-4839-4B79-86C8-6C150E83C887}.Debug|x86.Build.0 = Debug|Win32
		{87426429-4839-4B79-86C8-6C150E83C887}.Release|x64.ActiveCfg = Release|x64
		{87426429-4839-4B79-86C8-6C150E83C887}.Release|x64.Build.0 = Release|x64
		{87426429-4839-4B79-86C8-6C150E83C887}.Release|x86.ActiveCfg = Release|Win32
		{87426429-4839-4B79-86C8-6C150E83C887}.Release|x86.Build.0 = Release|Win32
	EndGlobalSection
	GlobalSection(SolutionProperties) = preSolution
		HideSolutionNode = FALSE
	EndGlobalSection
	GlobalSection(ExtensibilityGlobals) = postSolution
		SolutionGuid = {170CF394-C2A4-4377-B7B9-F3D4AE0B4359}
	EndGlobalSection
EndGlobal
